// !$*UTF8*$!
{
	archiveVersion = 1;
	classes = {
	};
	objectVersion = 48;
	objects = {

/* Begin PBXBuildFile section */
		3412B370204AEA8500C681AB /* Assets.xcassets in Resources */ = {isa = PBXBuildFile; fileRef = 3412B36F204AEA8500C681AB /* Assets.xcassets */; };
		342898422065168F008C5F24 /* ThemesViewController.m in Sources */ = {isa = PBXBuildFile; fileRef = 342898412065168F008C5F24 /* ThemesViewController.m */; };
		3428984920651B07008C5F24 /* Themes.m in Sources */ = {isa = PBXBuildFile; fileRef = 3428984820651B07008C5F24 /* Themes.m */; };
		3428984B20653A82008C5F24 /* SwiftThemesViewController.swift in Sources */ = {isa = PBXBuildFile; fileRef = 3428984A20653A82008C5F24 /* SwiftThemesViewController.swift */; };
		3428984D2065890D008C5F24 /* UIApplication+Extension.swift in Sources */ = {isa = PBXBuildFile; fileRef = 3428984C2065890D008C5F24 /* UIApplication+Extension.swift */; };
		34783087203DD35800B6E0C8 /* AppDelegate.swift in Sources */ = {isa = PBXBuildFile; fileRef = 34783086203DD35800B6E0C8 /* AppDelegate.swift */; };
		34783089203DD35800B6E0C8 /* ProfileViewController.swift in Sources */ = {isa = PBXBuildFile; fileRef = 34783088203DD35800B6E0C8 /* ProfileViewController.swift */; };
		34783091203DD35800B6E0C8 /* LaunchScreen.storyboard in Resources */ = {isa = PBXBuildFile; fileRef = 3478308F203DD35800B6E0C8 /* LaunchScreen.storyboard */; };
		34950DF820542473008EDDF9 /* ChatListViewController.swift in Sources */ = {isa = PBXBuildFile; fileRef = 34950DF720542473008EDDF9 /* ChatListViewController.swift */; };
		34950DFB2054571A008EDDF9 /* ConversationTableViewCell.swift in Sources */ = {isa = PBXBuildFile; fileRef = 34950DF92054571A008EDDF9 /* ConversationTableViewCell.swift */; };
		34950DFC2054571A008EDDF9 /* ConversationTableViewCell.xib in Resources */ = {isa = PBXBuildFile; fileRef = 34950DFA2054571A008EDDF9 /* ConversationTableViewCell.xib */; };
		34950E0120556BCA008EDDF9 /* Chat.swift in Sources */ = {isa = PBXBuildFile; fileRef = 34950E0020556BCA008EDDF9 /* Chat.swift */; };
		34950E03205590DF008EDDF9 /* Message.swift in Sources */ = {isa = PBXBuildFile; fileRef = 34950E02205590DF008EDDF9 /* Message.swift */; };
		34950E0520570448008EDDF9 /* UIFont+Extension.swift in Sources */ = {isa = PBXBuildFile; fileRef = 34950E0420570448008EDDF9 /* UIFont+Extension.swift */; };
		34950E0720570A1B008EDDF9 /* UIColor+Extension.swift in Sources */ = {isa = PBXBuildFile; fileRef = 34950E0620570A1B008EDDF9 /* UIColor+Extension.swift */; };
		34950E0F20585113008EDDF9 /* ChatViewController.swift in Sources */ = {isa = PBXBuildFile; fileRef = 34950E0E20585113008EDDF9 /* ChatViewController.swift */; };
		34950E122058527C008EDDF9 /* ChatPresentationModel.swift in Sources */ = {isa = PBXBuildFile; fileRef = 34950E112058527C008EDDF9 /* ChatPresentationModel.swift */; };
		34950E14205853A0008EDDF9 /* MessageCell.swift in Sources */ = {isa = PBXBuildFile; fileRef = 34950E13205853A0008EDDF9 /* MessageCell.swift */; };
		34B422B520470EB9000DA283 /* Main.storyboard in Resources */ = {isa = PBXBuildFile; fileRef = 34B422B420470EB9000DA283 /* Main.storyboard */; };
		34B4AC7C2040933200855BDA /* UIApplicationState+Extension.swift in Sources */ = {isa = PBXBuildFile; fileRef = 34B4AC7B2040933200855BDA /* UIApplicationState+Extension.swift */; };
		D814C0A3631916B71DF510E1 /* Pods_TinkoffChat.framework in Frameworks */ = {isa = PBXBuildFile; fileRef = FAC3D346F913934C6170EAAA /* Pods_TinkoffChat.framework */; };
/* End PBXBuildFile section */

/* Begin PBXFileReference section */
		3412B36F204AEA8500C681AB /* Assets.xcassets */ = {isa = PBXFileReference; lastKnownFileType = folder.assetcatalog; path = Assets.xcassets; sourceTree = "<group>"; };
		342898402065168F008C5F24 /* ThemesViewController.h */ = {isa = PBXFileReference; lastKnownFileType = sourcecode.c.h; path = ThemesViewController.h; sourceTree = "<group>"; };
		342898412065168F008C5F24 /* ThemesViewController.m */ = {isa = PBXFileReference; lastKnownFileType = sourcecode.c.objc; path = ThemesViewController.m; sourceTree = "<group>"; };
		3428984620651962008C5F24 /* TinkoffChat-Bridging-Header.h */ = {isa = PBXFileReference; lastKnownFileType = sourcecode.c.h; path = "TinkoffChat-Bridging-Header.h"; sourceTree = "<group>"; };
		3428984720651B07008C5F24 /* Themes.h */ = {isa = PBXFileReference; lastKnownFileType = sourcecode.c.h; path = Themes.h; sourceTree = "<group>"; };
		3428984820651B07008C5F24 /* Themes.m */ = {isa = PBXFileReference; lastKnownFileType = sourcecode.c.objc; path = Themes.m; sourceTree = "<group>"; };
		3428984A20653A82008C5F24 /* SwiftThemesViewController.swift */ = {isa = PBXFileReference; lastKnownFileType = sourcecode.swift; path = SwiftThemesViewController.swift; sourceTree = "<group>"; };
		3428984C2065890D008C5F24 /* UIApplication+Extension.swift */ = {isa = PBXFileReference; lastKnownFileType = sourcecode.swift; path = "UIApplication+Extension.swift"; sourceTree = "<group>"; };
		34783083203DD35800B6E0C8 /* TinkoffChat.app */ = {isa = PBXFileReference; explicitFileType = wrapper.application; includeInIndex = 0; path = TinkoffChat.app; sourceTree = BUILT_PRODUCTS_DIR; };
		34783086203DD35800B6E0C8 /* AppDelegate.swift */ = {isa = PBXFileReference; lastKnownFileType = sourcecode.swift; path = AppDelegate.swift; sourceTree = "<group>"; };
		34783088203DD35800B6E0C8 /* ProfileViewController.swift */ = {isa = PBXFileReference; lastKnownFileType = sourcecode.swift; path = ProfileViewController.swift; sourceTree = "<group>"; };
		34783090203DD35800B6E0C8 /* Base */ = {isa = PBXFileReference; lastKnownFileType = file.storyboard; name = Base; path = Base.lproj/LaunchScreen.storyboard; sourceTree = "<group>"; };
		34783092203DD35800B6E0C8 /* Info.plist */ = {isa = PBXFileReference; lastKnownFileType = text.plist.xml; path = Info.plist; sourceTree = "<group>"; };
		34950DF720542473008EDDF9 /* ChatListViewController.swift */ = {isa = PBXFileReference; lastKnownFileType = sourcecode.swift; path = ChatListViewController.swift; sourceTree = "<group>"; };
		34950DF92054571A008EDDF9 /* ConversationTableViewCell.swift */ = {isa = PBXFileReference; lastKnownFileType = sourcecode.swift; path = ConversationTableViewCell.swift; sourceTree = "<group>"; };
		34950DFA2054571A008EDDF9 /* ConversationTableViewCell.xib */ = {isa = PBXFileReference; lastKnownFileType = file.xib; path = ConversationTableViewCell.xib; sourceTree = "<group>"; };
		34950E0020556BCA008EDDF9 /* Chat.swift */ = {isa = PBXFileReference; lastKnownFileType = sourcecode.swift; path = Chat.swift; sourceTree = "<group>"; };
		34950E02205590DF008EDDF9 /* Message.swift */ = {isa = PBXFileReference; lastKnownFileType = sourcecode.swift; path = Message.swift; sourceTree = "<group>"; };
		34950E0420570448008EDDF9 /* UIFont+Extension.swift */ = {isa = PBXFileReference; lastKnownFileType = sourcecode.swift; path = "UIFont+Extension.swift"; sourceTree = "<group>"; };
		34950E0620570A1B008EDDF9 /* UIColor+Extension.swift */ = {isa = PBXFileReference; lastKnownFileType = sourcecode.swift; path = "UIColor+Extension.swift"; sourceTree = "<group>"; };
		34950E0E20585113008EDDF9 /* ChatViewController.swift */ = {isa = PBXFileReference; lastKnownFileType = sourcecode.swift; path = ChatViewController.swift; sourceTree = "<group>"; };
		34950E112058527C008EDDF9 /* ChatPresentationModel.swift */ = {isa = PBXFileReference; lastKnownFileType = sourcecode.swift; path = ChatPresentationModel.swift; sourceTree = "<group>"; };
		34950E13205853A0008EDDF9 /* MessageCell.swift */ = {isa = PBXFileReference; lastKnownFileType = sourcecode.swift; path = MessageCell.swift; sourceTree = "<group>"; };
		34B422B420470EB9000DA283 /* Main.storyboard */ = {isa = PBXFileReference; lastKnownFileType = file.storyboard; path = Main.storyboard; sourceTree = "<group>"; };
		34B4AC7B2040933200855BDA /* UIApplicationState+Extension.swift */ = {isa = PBXFileReference; lastKnownFileType = sourcecode.swift; path = "UIApplicationState+Extension.swift"; sourceTree = "<group>"; };
		D667BED812CD681D89AB3F05 /* Pods-TinkoffChat.release.xcconfig */ = {isa = PBXFileReference; includeInIndex = 1; lastKnownFileType = text.xcconfig; name = "Pods-TinkoffChat.release.xcconfig"; path = "Pods/Target Support Files/Pods-TinkoffChat/Pods-TinkoffChat.release.xcconfig"; sourceTree = "<group>"; };
		EE068366E7B5631631420923 /* Pods-TinkoffChat.debug.xcconfig */ = {isa = PBXFileReference; includeInIndex = 1; lastKnownFileType = text.xcconfig; name = "Pods-TinkoffChat.debug.xcconfig"; path = "Pods/Target Support Files/Pods-TinkoffChat/Pods-TinkoffChat.debug.xcconfig"; sourceTree = "<group>"; };
		FAC3D346F913934C6170EAAA /* Pods_TinkoffChat.framework */ = {isa = PBXFileReference; explicitFileType = wrapper.framework; includeInIndex = 0; path = Pods_TinkoffChat.framework; sourceTree = BUILT_PRODUCTS_DIR; };
/* End PBXFileReference section */

/* Begin PBXFrameworksBuildPhase section */
		34783080203DD35800B6E0C8 /* Frameworks */ = {
			isa = PBXFrameworksBuildPhase;
			buildActionMask = 2147483647;
			files = (
				D814C0A3631916B71DF510E1 /* Pods_TinkoffChat.framework in Frameworks */,
			);
			runOnlyForDeploymentPostprocessing = 0;
		};
/* End PBXFrameworksBuildPhase section */

/* Begin PBXGroup section */
		1D111AC658EFD0CD49BCAA38 /* Frameworks */ = {
			isa = PBXGroup;
			children = (
				FAC3D346F913934C6170EAAA /* Pods_TinkoffChat.framework */,
			);
			name = Frameworks;
			sourceTree = "<group>";
		};
		34673DB32064009A008F7B5E /* Themes */ = {
			isa = PBXGroup;
			children = (
				34673DB720641E56008F7B5E /* ViewController */,
				3428984720651B07008C5F24 /* Themes.h */,
				3428984820651B07008C5F24 /* Themes.m */,
			);
			path = Themes;
			sourceTree = "<group>";
		};
		34673DB720641E56008F7B5E /* ViewController */ = {
			isa = PBXGroup;
			children = (
				342898402065168F008C5F24 /* ThemesViewController.h */,
				342898412065168F008C5F24 /* ThemesViewController.m */,
				3428984A20653A82008C5F24 /* SwiftThemesViewController.swift */,
			);
			path = ViewController;
			sourceTree = "<group>";
		};
		3478307A203DD35800B6E0C8 = {
			isa = PBXGroup;
			children = (
				34783085203DD35800B6E0C8 /* TinkoffChat */,
				34783084203DD35800B6E0C8 /* Products */,
				7B593C948CFF7AE420C40C8E /* Pods */,
				1D111AC658EFD0CD49BCAA38 /* Frameworks */,
			);
			sourceTree = "<group>";
		};
		34783084203DD35800B6E0C8 /* Products */ = {
			isa = PBXGroup;
			children = (
				34783083203DD35800B6E0C8 /* TinkoffChat.app */,
			);
			name = Products;
			sourceTree = "<group>";
		};
		34783085203DD35800B6E0C8 /* TinkoffChat */ = {
			isa = PBXGroup;
			children = (
				3428984620651962008C5F24 /* TinkoffChat-Bridging-Header.h */,
				34673DB32064009A008F7B5E /* Themes */,
				34950E1720587067008EDDF9 /* ChatList */,
				34950E1520587055008EDDF9 /* Profile */,
				34950DFE20556B65008EDDF9 /* Chat */,
				34B4AC7A204092ED00855BDA /* Extension */,
				34783086203DD35800B6E0C8 /* AppDelegate.swift */,
				34B422B420470EB9000DA283 /* Main.storyboard */,
				3478308F203DD35800B6E0C8 /* LaunchScreen.storyboard */,
				34783092203DD35800B6E0C8 /* Info.plist */,
				3412B36F204AEA8500C681AB /* Assets.xcassets */,
			);
			path = TinkoffChat;
			sourceTree = "<group>";
		};
		34950DFE20556B65008EDDF9 /* Chat */ = {
			isa = PBXGroup;
			children = (
				34950E1020585251008EDDF9 /* PresentationModel */,
				34950E0D20585107008EDDF9 /* ViewController */,
				34950E0A20584FFD008EDDF9 /* View */,
				34950DFF20556B6F008EDDF9 /* Entity */,
			);
			path = Chat;
			sourceTree = "<group>";
		};
		34950DFF20556B6F008EDDF9 /* Entity */ = {
			isa = PBXGroup;
			children = (
				34950E0020556BCA008EDDF9 /* Chat.swift */,
				34950E02205590DF008EDDF9 /* Message.swift */,
			);
			path = Entity;
			sourceTree = "<group>";
		};
		34950E0A20584FFD008EDDF9 /* View */ = {
			isa = PBXGroup;
			children = (
				34950E13205853A0008EDDF9 /* MessageCell.swift */,
			);
			path = View;
			sourceTree = "<group>";
		};
		34950E0D20585107008EDDF9 /* ViewController */ = {
			isa = PBXGroup;
			children = (
				34950E0E20585113008EDDF9 /* ChatViewController.swift */,
			);
			path = ViewController;
			sourceTree = "<group>";
		};
		34950E1020585251008EDDF9 /* PresentationModel */ = {
			isa = PBXGroup;
			children = (
				34950E112058527C008EDDF9 /* ChatPresentationModel.swift */,
			);
			path = PresentationModel;
			sourceTree = "<group>";
		};
		34950E1520587055008EDDF9 /* Profile */ = {
			isa = PBXGroup;
			children = (
				34950E162058705D008EDDF9 /* ViewController */,
			);
			path = Profile;
			sourceTree = "<group>";
		};
		34950E162058705D008EDDF9 /* ViewController */ = {
			isa = PBXGroup;
			children = (
				34783088203DD35800B6E0C8 /* ProfileViewController.swift */,
			);
			path = ViewController;
			sourceTree = "<group>";
		};
		34950E1720587067008EDDF9 /* ChatList */ = {
			isa = PBXGroup;
			children = (
				34950E1920587089008EDDF9 /* View */,
				34950E182058706D008EDDF9 /* ViewController */,
			);
			path = ChatList;
			sourceTree = "<group>";
		};
		34950E182058706D008EDDF9 /* ViewController */ = {
			isa = PBXGroup;
			children = (
				34950DF720542473008EDDF9 /* ChatListViewController.swift */,
			);
			path = ViewController;
			sourceTree = "<group>";
		};
		34950E1920587089008EDDF9 /* View */ = {
			isa = PBXGroup;
			children = (
				34950DF92054571A008EDDF9 /* ConversationTableViewCell.swift */,
				34950DFA2054571A008EDDF9 /* ConversationTableViewCell.xib */,
			);
			path = View;
			sourceTree = "<group>";
		};
		34B4AC7A204092ED00855BDA /* Extension */ = {
			isa = PBXGroup;
			children = (
				34B4AC7B2040933200855BDA /* UIApplicationState+Extension.swift */,
				34950E0420570448008EDDF9 /* UIFont+Extension.swift */,
				34950E0620570A1B008EDDF9 /* UIColor+Extension.swift */,
				3428984C2065890D008C5F24 /* UIApplication+Extension.swift */,
			);
			path = Extension;
			sourceTree = "<group>";
		};
		7B593C948CFF7AE420C40C8E /* Pods */ = {
			isa = PBXGroup;
			children = (
				EE068366E7B5631631420923 /* Pods-TinkoffChat.debug.xcconfig */,
				D667BED812CD681D89AB3F05 /* Pods-TinkoffChat.release.xcconfig */,
			);
			name = Pods;
			sourceTree = "<group>";
		};
/* End PBXGroup section */

/* Begin PBXNativeTarget section */
		34783082203DD35800B6E0C8 /* TinkoffChat */ = {
			isa = PBXNativeTarget;
			buildConfigurationList = 34783095203DD35800B6E0C8 /* Build configuration list for PBXNativeTarget "TinkoffChat" */;
			buildPhases = (
				D6F075016DAF8202F7933D9A /* [CP] Check Pods Manifest.lock */,
				3478307F203DD35800B6E0C8 /* Sources */,
				34783080203DD35800B6E0C8 /* Frameworks */,
				34783081203DD35800B6E0C8 /* Resources */,
				8D46337A2D3D3523B1B24F8C /* [CP] Embed Pods Frameworks */,
				138B545C5AB48BE8BA73C1D1 /* [CP] Copy Pods Resources */,
				34B4AC782040672400855BDA /* SwiftLint */,
			);
			buildRules = (
			);
			dependencies = (
			);
			name = TinkoffChat;
			productName = TinkoffChat;
			productReference = 34783083203DD35800B6E0C8 /* TinkoffChat.app */;
			productType = "com.apple.product-type.application";
		};
/* End PBXNativeTarget section */

/* Begin PBXProject section */
		3478307B203DD35800B6E0C8 /* Project object */ = {
			isa = PBXProject;
			attributes = {
				LastSwiftUpdateCheck = 0920;
				LastUpgradeCheck = 0920;
				ORGANIZATIONNAME = "Anastasia Chuikina";
				TargetAttributes = {
					34783082203DD35800B6E0C8 = {
						CreatedOnToolsVersion = 9.2;
						LastSwiftMigration = 0920;
						ProvisioningStyle = Automatic;
					};
				};
			};
			buildConfigurationList = 3478307E203DD35800B6E0C8 /* Build configuration list for PBXProject "TinkoffChat" */;
			compatibilityVersion = "Xcode 8.0";
			developmentRegion = en;
			hasScannedForEncodings = 0;
			knownRegions = (
				en,
				Base,
			);
			mainGroup = 3478307A203DD35800B6E0C8;
			productRefGroup = 34783084203DD35800B6E0C8 /* Products */;
			projectDirPath = "";
			projectRoot = "";
			targets = (
				34783082203DD35800B6E0C8 /* TinkoffChat */,
			);
		};
/* End PBXProject section */

/* Begin PBXResourcesBuildPhase section */
		34783081203DD35800B6E0C8 /* Resources */ = {
			isa = PBXResourcesBuildPhase;
			buildActionMask = 2147483647;
			files = (
				34950DFC2054571A008EDDF9 /* ConversationTableViewCell.xib in Resources */,
				34783091203DD35800B6E0C8 /* LaunchScreen.storyboard in Resources */,
				3412B370204AEA8500C681AB /* Assets.xcassets in Resources */,
				34B422B520470EB9000DA283 /* Main.storyboard in Resources */,
			);
			runOnlyForDeploymentPostprocessing = 0;
		};
/* End PBXResourcesBuildPhase section */

/* Begin PBXShellScriptBuildPhase section */
		138B545C5AB48BE8BA73C1D1 /* [CP] Copy Pods Resources */ = {
			isa = PBXShellScriptBuildPhase;
			buildActionMask = 2147483647;
			files = (
			);
			inputPaths = (
			);
			name = "[CP] Copy Pods Resources";
			outputPaths = (
			);
			runOnlyForDeploymentPostprocessing = 0;
			shellPath = /bin/sh;
			shellScript = "\"${SRCROOT}/Pods/Target Support Files/Pods-TinkoffChat/Pods-TinkoffChat-resources.sh\"\n";
			showEnvVarsInLog = 0;
		};
		34B4AC782040672400855BDA /* SwiftLint */ = {
			isa = PBXShellScriptBuildPhase;
			buildActionMask = 2147483647;
			files = (
			);
			inputPaths = (
			);
			name = SwiftLint;
			outputPaths = (
			);
			runOnlyForDeploymentPostprocessing = 0;
			shellPath = /bin/sh;
			shellScript = "${PODS_ROOT}/SwiftLint/swiftlint";
		};
		8D46337A2D3D3523B1B24F8C /* [CP] Embed Pods Frameworks */ = {
			isa = PBXShellScriptBuildPhase;
			buildActionMask = 2147483647;
			files = (
			);
			inputPaths = (
			);
			name = "[CP] Embed Pods Frameworks";
			outputPaths = (
			);
			runOnlyForDeploymentPostprocessing = 0;
			shellPath = /bin/sh;
			shellScript = "\"${SRCROOT}/Pods/Target Support Files/Pods-TinkoffChat/Pods-TinkoffChat-frameworks.sh\"\n";
			showEnvVarsInLog = 0;
		};
		D6F075016DAF8202F7933D9A /* [CP] Check Pods Manifest.lock */ = {
			isa = PBXShellScriptBuildPhase;
			buildActionMask = 2147483647;
			files = (
			);
			inputPaths = (
				"${PODS_PODFILE_DIR_PATH}/Podfile.lock",
				"${PODS_ROOT}/Manifest.lock",
			);
			name = "[CP] Check Pods Manifest.lock";
			outputPaths = (
				"$(DERIVED_FILE_DIR)/Pods-TinkoffChat-checkManifestLockResult.txt",
			);
			runOnlyForDeploymentPostprocessing = 0;
			shellPath = /bin/sh;
			shellScript = "diff \"${PODS_PODFILE_DIR_PATH}/Podfile.lock\" \"${PODS_ROOT}/Manifest.lock\" > /dev/null\nif [ $? != 0 ] ; then\n    # print error to STDERR\n    echo \"error: The sandbox is not in sync with the Podfile.lock. Run 'pod install' or update your CocoaPods installation.\" >&2\n    exit 1\nfi\n# This output is used by Xcode 'outputs' to avoid re-running this script phase.\necho \"SUCCESS\" > \"${SCRIPT_OUTPUT_FILE_0}\"\n";
			showEnvVarsInLog = 0;
		};
/* End PBXShellScriptBuildPhase section */

/* Begin PBXSourcesBuildPhase section */
		3478307F203DD35800B6E0C8 /* Sources */ = {
			isa = PBXSourcesBuildPhase;
			buildActionMask = 2147483647;
			files = (
				34783089203DD35800B6E0C8 /* ProfileViewController.swift in Sources */,
				34950E0120556BCA008EDDF9 /* Chat.swift in Sources */,
				3428984D2065890D008C5F24 /* UIApplication+Extension.swift in Sources */,
				34950DF820542473008EDDF9 /* ChatListViewController.swift in Sources */,
				34950E0720570A1B008EDDF9 /* UIColor+Extension.swift in Sources */,
				34783087203DD35800B6E0C8 /* AppDelegate.swift in Sources */,
				3428984920651B07008C5F24 /* Themes.m in Sources */,
				34950E14205853A0008EDDF9 /* MessageCell.swift in Sources */,
				34B4AC7C2040933200855BDA /* UIApplicationState+Extension.swift in Sources */,
				34950DFB2054571A008EDDF9 /* ConversationTableViewCell.swift in Sources */,
				34950E0520570448008EDDF9 /* UIFont+Extension.swift in Sources */,
				34950E0F20585113008EDDF9 /* ChatViewController.swift in Sources */,
				34950E03205590DF008EDDF9 /* Message.swift in Sources */,
				34950E122058527C008EDDF9 /* ChatPresentationModel.swift in Sources */,
				342898422065168F008C5F24 /* ThemesViewController.m in Sources */,
				3428984B20653A82008C5F24 /* SwiftThemesViewController.swift in Sources */,
			);
			runOnlyForDeploymentPostprocessing = 0;
		};
/* End PBXSourcesBuildPhase section */

/* Begin PBXVariantGroup section */
		3478308F203DD35800B6E0C8 /* LaunchScreen.storyboard */ = {
			isa = PBXVariantGroup;
			children = (
				34783090203DD35800B6E0C8 /* Base */,
			);
			name = LaunchScreen.storyboard;
			sourceTree = "<group>";
		};
/* End PBXVariantGroup section */

/* Begin XCBuildConfiguration section */
		34783093203DD35800B6E0C8 /* Debug */ = {
			isa = XCBuildConfiguration;
			buildSettings = {
				ALWAYS_SEARCH_USER_PATHS = NO;
				CLANG_ANALYZER_NONNULL = YES;
				CLANG_ANALYZER_NUMBER_OBJECT_CONVERSION = YES_AGGRESSIVE;
				CLANG_CXX_LANGUAGE_STANDARD = "gnu++14";
				CLANG_CXX_LIBRARY = "libc++";
				CLANG_ENABLE_MODULES = YES;
				CLANG_ENABLE_OBJC_ARC = YES;
				CLANG_WARN_BLOCK_CAPTURE_AUTORELEASING = YES;
				CLANG_WARN_BOOL_CONVERSION = YES;
				CLANG_WARN_COMMA = YES;
				CLANG_WARN_CONSTANT_CONVERSION = YES;
				CLANG_WARN_DIRECT_OBJC_ISA_USAGE = YES_ERROR;
				CLANG_WARN_DOCUMENTATION_COMMENTS = YES;
				CLANG_WARN_EMPTY_BODY = YES;
				CLANG_WARN_ENUM_CONVERSION = YES;
				CLANG_WARN_INFINITE_RECURSION = YES;
				CLANG_WARN_INT_CONVERSION = YES;
				CLANG_WARN_NON_LITERAL_NULL_CONVERSION = YES;
				CLANG_WARN_OBJC_LITERAL_CONVERSION = YES;
				CLANG_WARN_OBJC_ROOT_CLASS = YES_ERROR;
				CLANG_WARN_RANGE_LOOP_ANALYSIS = YES;
				CLANG_WARN_STRICT_PROTOTYPES = YES;
				CLANG_WARN_SUSPICIOUS_MOVE = YES;
				CLANG_WARN_UNGUARDED_AVAILABILITY = YES_AGGRESSIVE;
				CLANG_WARN_UNREACHABLE_CODE = YES;
				CLANG_WARN__DUPLICATE_METHOD_MATCH = YES;
				CODE_SIGN_IDENTITY = "iPhone Developer";
				COPY_PHASE_STRIP = NO;
				DEBUG_INFORMATION_FORMAT = dwarf;
				ENABLE_STRICT_OBJC_MSGSEND = YES;
				ENABLE_TESTABILITY = YES;
				GCC_C_LANGUAGE_STANDARD = gnu11;
				GCC_DYNAMIC_NO_PIC = NO;
				GCC_NO_COMMON_BLOCKS = YES;
				GCC_OPTIMIZATION_LEVEL = 0;
				GCC_PREPROCESSOR_DEFINITIONS = (
					"DEBUG=1",
					"$(inherited)",
				);
				GCC_WARN_64_TO_32_BIT_CONVERSION = YES;
				GCC_WARN_ABOUT_RETURN_TYPE = YES_ERROR;
				GCC_WARN_UNDECLARED_SELECTOR = YES;
				GCC_WARN_UNINITIALIZED_AUTOS = YES_AGGRESSIVE;
				GCC_WARN_UNUSED_FUNCTION = YES;
				GCC_WARN_UNUSED_VARIABLE = YES;
				IPHONEOS_DEPLOYMENT_TARGET = 11.2;
				MTL_ENABLE_DEBUG_INFO = YES;
				ONLY_ACTIVE_ARCH = YES;
				SDKROOT = iphoneos;
				SWIFT_ACTIVE_COMPILATION_CONDITIONS = DEBUG;
				SWIFT_OPTIMIZATION_LEVEL = "-Onone";
			};
			name = Debug;
		};
		34783094203DD35800B6E0C8 /* Release */ = {
			isa = XCBuildConfiguration;
			buildSettings = {
				ALWAYS_SEARCH_USER_PATHS = NO;
				CLANG_ANALYZER_NONNULL = YES;
				CLANG_ANALYZER_NUMBER_OBJECT_CONVERSION = YES_AGGRESSIVE;
				CLANG_CXX_LANGUAGE_STANDARD = "gnu++14";
				CLANG_CXX_LIBRARY = "libc++";
				CLANG_ENABLE_MODULES = YES;
				CLANG_ENABLE_OBJC_ARC = YES;
				CLANG_WARN_BLOCK_CAPTURE_AUTORELEASING = YES;
				CLANG_WARN_BOOL_CONVERSION = YES;
				CLANG_WARN_COMMA = YES;
				CLANG_WARN_CONSTANT_CONVERSION = YES;
				CLANG_WARN_DIRECT_OBJC_ISA_USAGE = YES_ERROR;
				CLANG_WARN_DOCUMENTATION_COMMENTS = YES;
				CLANG_WARN_EMPTY_BODY = YES;
				CLANG_WARN_ENUM_CONVERSION = YES;
				CLANG_WARN_INFINITE_RECURSION = YES;
				CLANG_WARN_INT_CONVERSION = YES;
				CLANG_WARN_NON_LITERAL_NULL_CONVERSION = YES;
				CLANG_WARN_OBJC_LITERAL_CONVERSION = YES;
				CLANG_WARN_OBJC_ROOT_CLASS = YES_ERROR;
				CLANG_WARN_RANGE_LOOP_ANALYSIS = YES;
				CLANG_WARN_STRICT_PROTOTYPES = YES;
				CLANG_WARN_SUSPICIOUS_MOVE = YES;
				CLANG_WARN_UNGUARDED_AVAILABILITY = YES_AGGRESSIVE;
				CLANG_WARN_UNREACHABLE_CODE = YES;
				CLANG_WARN__DUPLICATE_METHOD_MATCH = YES;
				CODE_SIGN_IDENTITY = "iPhone Developer";
				COPY_PHASE_STRIP = NO;
				DEBUG_INFORMATION_FORMAT = "dwarf-with-dsym";
				ENABLE_NS_ASSERTIONS = NO;
				ENABLE_STRICT_OBJC_MSGSEND = YES;
				GCC_C_LANGUAGE_STANDARD = gnu11;
				GCC_NO_COMMON_BLOCKS = YES;
				GCC_WARN_64_TO_32_BIT_CONVERSION = YES;
				GCC_WARN_ABOUT_RETURN_TYPE = YES_ERROR;
				GCC_WARN_UNDECLARED_SELECTOR = YES;
				GCC_WARN_UNINITIALIZED_AUTOS = YES_AGGRESSIVE;
				GCC_WARN_UNUSED_FUNCTION = YES;
				GCC_WARN_UNUSED_VARIABLE = YES;
				IPHONEOS_DEPLOYMENT_TARGET = 11.2;
				MTL_ENABLE_DEBUG_INFO = NO;
				SDKROOT = iphoneos;
				SWIFT_OPTIMIZATION_LEVEL = "-Owholemodule";
				VALIDATE_PRODUCT = YES;
			};
			name = Release;
		};
		34783096203DD35800B6E0C8 /* Debug */ = {
			isa = XCBuildConfiguration;
			baseConfigurationReference = EE068366E7B5631631420923 /* Pods-TinkoffChat.debug.xcconfig */;
			buildSettings = {
				ASSETCATALOG_COMPILER_APPICON_NAME = AppIcon;
				CLANG_ENABLE_MODULES = YES;
				CLANG_ENABLE_OBJC_ARC = NO;
				"CODE_SIGN_IDENTITY[sdk=iphoneos*]" = "iPhone Developer";
				CODE_SIGN_STYLE = Automatic;
				DEVELOPMENT_TEAM = GS84EJNJVC;
				INFOPLIST_FILE = TinkoffChat/Info.plist;
				LD_RUNPATH_SEARCH_PATHS = "$(inherited) @executable_path/Frameworks";
				PRODUCT_BUNDLE_IDENTIFIER = AnChuikina.TinkoffChat;
				PRODUCT_NAME = "$(TARGET_NAME)";
				PROVISIONING_PROFILE_SPECIFIER = "";
				SWIFT_OBJC_BRIDGING_HEADER = "TinkoffChat/TinkoffChat-Bridging-Header.h";
				SWIFT_OPTIMIZATION_LEVEL = "-Onone";
				SWIFT_VERSION = 4.0;
				TARGETED_DEVICE_FAMILY = "1,2";
			};
			name = Debug;
		};
		34783097203DD35800B6E0C8 /* Release */ = {
			isa = XCBuildConfiguration;
			baseConfigurationReference = D667BED812CD681D89AB3F05 /* Pods-TinkoffChat.release.xcconfig */;
			buildSettings = {
				ASSETCATALOG_COMPILER_APPICON_NAME = AppIcon;
				CLANG_ENABLE_MODULES = YES;
				CLANG_ENABLE_OBJC_ARC = NO;
				"CODE_SIGN_IDENTITY[sdk=iphoneos*]" = "iPhone Developer";
				CODE_SIGN_STYLE = Automatic;
				DEVELOPMENT_TEAM = GS84EJNJVC;
				INFOPLIST_FILE = TinkoffChat/Info.plist;
				LD_RUNPATH_SEARCH_PATHS = "$(inherited) @executable_path/Frameworks";
				PRODUCT_BUNDLE_IDENTIFIER = AnChuikina.TinkoffChat;
				PRODUCT_NAME = "$(TARGET_NAME)";
				PROVISIONING_PROFILE_SPECIFIER = "";
				SWIFT_OBJC_BRIDGING_HEADER = "TinkoffChat/TinkoffChat-Bridging-Header.h";
				SWIFT_VERSION = 4.0;
				TARGETED_DEVICE_FAMILY = "1,2";
			};
			name = Release;
		};
/* End XCBuildConfiguration section */

/* Begin XCConfigurationList section */
		3478307E203DD35800B6E0C8 /* Build configuration list for PBXProject "TinkoffChat" */ = {
			isa = XCConfigurationList;
			buildConfigurations = (
				34783093203DD35800B6E0C8 /* Debug */,
				34783094203DD35800B6E0C8 /* Release */,
			);
			defaultConfigurationIsVisible = 0;
			defaultConfigurationName = Release;
		};
		34783095203DD35800B6E0C8 /* Build configuration list for PBXNativeTarget "TinkoffChat" */ = {
			isa = XCConfigurationList;
			buildConfigurations = (
				34783096203DD35800B6E0C8 /* Debug */,
				34783097203DD35800B6E0C8 /* Release */,
			);
			defaultConfigurationIsVisible = 0;
			defaultConfigurationName = Release;
		};
/* End XCConfigurationList section */
	};
	rootObject = 3478307B203DD35800B6E0C8 /* Project object */;
}
